// !$*UTF8*$!
{
	archiveVersion = 1;
	classes = {
	};
	objectVersion = 51;
	objects = {

/* Begin PBXBuildFile section */
		1B0074F3268CDB5F00B6C4A2 /* AppDelegate.swift in Sources */ = {isa = PBXBuildFile; fileRef = 1B0074F2268CDB5F00B6C4A2 /* AppDelegate.swift */; };
		1B0074F5268CDB5F00B6C4A2 /* SceneDelegate.swift in Sources */ = {isa = PBXBuildFile; fileRef = 1B0074F4268CDB5F00B6C4A2 /* SceneDelegate.swift */; };
		1B0074FA268CDB5F00B6C4A2 /* Main.storyboard in Resources */ = {isa = PBXBuildFile; fileRef = 1B0074F8268CDB5F00B6C4A2 /* Main.storyboard */; };
		1B0074FC268CDB6200B6C4A2 /* Assets.xcassets in Resources */ = {isa = PBXBuildFile; fileRef = 1B0074FB268CDB6200B6C4A2 /* Assets.xcassets */; };
		1B0074FF268CDB6200B6C4A2 /* LaunchScreen.storyboard in Resources */ = {isa = PBXBuildFile; fileRef = 1B0074FD268CDB6200B6C4A2 /* LaunchScreen.storyboard */; };
		1B4C0A0F268CDF6B00FC760B /* PrimaryTableViewController.swift in Sources */ = {isa = PBXBuildFile; fileRef = 1B4C0A0E268CDF6B00FC760B /* PrimaryTableViewController.swift */; };
		1B4C0A17268D1BDA00FC760B /* OwnerDTO.swift in Sources */ = {isa = PBXBuildFile; fileRef = 1B4C0A16268D1BDA00FC760B /* OwnerDTO.swift */; };
		1B4C0A19268D1BE600FC760B /* QuestionDTO.swift in Sources */ = {isa = PBXBuildFile; fileRef = 1B4C0A18268D1BE600FC760B /* QuestionDTO.swift */; };
		1B4C0A1B268D1BED00FC760B /* QuestionResponseDTO.swift in Sources */ = {isa = PBXBuildFile; fileRef = 1B4C0A1A268D1BED00FC760B /* QuestionResponseDTO.swift */; };
		1B4C0A1D268D1C0900FC760B /* Xcode .gitignore in Resources */ = {isa = PBXBuildFile; fileRef = 1B4C0A1C268D1C0900FC760B /* Xcode .gitignore */; };
		1B4C0A1F268E520000FC760B /* GetRequestClass.swift in Sources */ = {isa = PBXBuildFile; fileRef = 1B4C0A1E268E520000FC760B /* GetRequestClass.swift */; };
		1BE06BB02694F2EF000BCBA2 /* PrimaryTableViewCell.swift in Sources */ = {isa = PBXBuildFile; fileRef = 1BE06BAF2694F2EF000BCBA2 /* PrimaryTableViewCell.swift */; };
		1BE06BB4269664CB000BCBA2 /* StringExtention.swift in Sources */ = {isa = PBXBuildFile; fileRef = 1BE06BB3269664CB000BCBA2 /* StringExtention.swift */; };
		C2ED0575A38A4C4441B6B63A /* Pods_StackOverFlowClient.framework in Frameworks */ = {isa = PBXBuildFile; fileRef = CD819F14E4935DA2A27E032B /* Pods_StackOverFlowClient.framework */; };
/* End PBXBuildFile section */

/* Begin PBXFileReference section */
		02DF282C54EFCA270715E2B5 /* Pods-StackOverFlowClient.debug.xcconfig */ = {isa = PBXFileReference; includeInIndex = 1; lastKnownFileType = text.xcconfig; name = "Pods-StackOverFlowClient.debug.xcconfig"; path = "Target Support Files/Pods-StackOverFlowClient/Pods-StackOverFlowClient.debug.xcconfig"; sourceTree = "<group>"; };
		1B0074EF268CDB5F00B6C4A2 /* StackOverFlowClient.app */ = {isa = PBXFileReference; explicitFileType = wrapper.application; includeInIndex = 0; path = StackOverFlowClient.app; sourceTree = BUILT_PRODUCTS_DIR; };
		1B0074F2268CDB5F00B6C4A2 /* AppDelegate.swift */ = {isa = PBXFileReference; lastKnownFileType = sourcecode.swift; path = AppDelegate.swift; sourceTree = "<group>"; };
		1B0074F4268CDB5F00B6C4A2 /* SceneDelegate.swift */ = {isa = PBXFileReference; lastKnownFileType = sourcecode.swift; path = SceneDelegate.swift; sourceTree = "<group>"; };
		1B0074F9268CDB5F00B6C4A2 /* Base */ = {isa = PBXFileReference; lastKnownFileType = file.storyboard; name = Base; path = Base.lproj/Main.storyboard; sourceTree = "<group>"; };
		1B0074FB268CDB6200B6C4A2 /* Assets.xcassets */ = {isa = PBXFileReference; lastKnownFileType = folder.assetcatalog; path = Assets.xcassets; sourceTree = "<group>"; };
		1B0074FE268CDB6200B6C4A2 /* Base */ = {isa = PBXFileReference; lastKnownFileType = file.storyboard; name = Base; path = Base.lproj/LaunchScreen.storyboard; sourceTree = "<group>"; };
		1B007500268CDB6200B6C4A2 /* Info.plist */ = {isa = PBXFileReference; lastKnownFileType = text.plist.xml; path = Info.plist; sourceTree = "<group>"; };
		1B4C0A0E268CDF6B00FC760B /* PrimaryTableViewController.swift */ = {isa = PBXFileReference; lastKnownFileType = sourcecode.swift; path = PrimaryTableViewController.swift; sourceTree = "<group>"; };
		1B4C0A16268D1BDA00FC760B /* OwnerDTO.swift */ = {isa = PBXFileReference; fileEncoding = 4; lastKnownFileType = sourcecode.swift; path = OwnerDTO.swift; sourceTree = "<group>"; };
		1B4C0A18268D1BE600FC760B /* QuestionDTO.swift */ = {isa = PBXFileReference; fileEncoding = 4; lastKnownFileType = sourcecode.swift; path = QuestionDTO.swift; sourceTree = "<group>"; };
		1B4C0A1A268D1BED00FC760B /* QuestionResponseDTO.swift */ = {isa = PBXFileReference; fileEncoding = 4; lastKnownFileType = sourcecode.swift; path = QuestionResponseDTO.swift; sourceTree = "<group>"; };
		1B4C0A1C268D1C0900FC760B /* Xcode .gitignore */ = {isa = PBXFileReference; fileEncoding = 4; lastKnownFileType = text; path = "Xcode .gitignore"; sourceTree = "<group>"; };
		1B4C0A1E268E520000FC760B /* GetRequestClass.swift */ = {isa = PBXFileReference; lastKnownFileType = sourcecode.swift; path = GetRequestClass.swift; sourceTree = "<group>"; };
		1BE06BAF2694F2EF000BCBA2 /* PrimaryTableViewCell.swift */ = {isa = PBXFileReference; lastKnownFileType = sourcecode.swift; name = PrimaryTableViewCell.swift; path = StackOverFlowClient/Controllers/PrimaryTableViewCell.swift; sourceTree = SOURCE_ROOT; };
		1BE06BB3269664CB000BCBA2 /* StringExtention.swift */ = {isa = PBXFileReference; lastKnownFileType = sourcecode.swift; path = StringExtention.swift; sourceTree = "<group>"; };
		ABDB028A3D71437F36CE255D /* Pods-StackOverFlowClient.release.xcconfig */ = {isa = PBXFileReference; includeInIndex = 1; lastKnownFileType = text.xcconfig; name = "Pods-StackOverFlowClient.release.xcconfig"; path = "Target Support Files/Pods-StackOverFlowClient/Pods-StackOverFlowClient.release.xcconfig"; sourceTree = "<group>"; };
		CD819F14E4935DA2A27E032B /* Pods_StackOverFlowClient.framework */ = {isa = PBXFileReference; explicitFileType = wrapper.framework; includeInIndex = 0; path = Pods_StackOverFlowClient.framework; sourceTree = BUILT_PRODUCTS_DIR; };
/* End PBXFileReference section */

/* Begin PBXFrameworksBuildPhase section */
		1B0074EC268CDB5F00B6C4A2 /* Frameworks */ = {
			isa = PBXFrameworksBuildPhase;
			buildActionMask = 2147483647;
			files = (
				C2ED0575A38A4C4441B6B63A /* Pods_StackOverFlowClient.framework in Frameworks */,
			);
			runOnlyForDeploymentPostprocessing = 0;
		};
/* End PBXFrameworksBuildPhase section */

/* Begin PBXGroup section */
		1B0074E6268CDB5F00B6C4A2 = {
			isa = PBXGroup;
			children = (
				1B4C0A1C268D1C0900FC760B /* Xcode .gitignore */,
				1B0074F1268CDB5F00B6C4A2 /* StackOverFlowClient */,
				1B0074F0268CDB5F00B6C4A2 /* Products */,
				B8699508080214C92BD6CF23 /* Pods */,
				B85A212013B3C7A6AAF7A97A /* Frameworks */,
			);
			sourceTree = "<group>";
		};
		1B0074F0268CDB5F00B6C4A2 /* Products */ = {
			isa = PBXGroup;
			children = (
				1B0074EF268CDB5F00B6C4A2 /* StackOverFlowClient.app */,
			);
			name = Products;
			sourceTree = "<group>";
		};
		1B0074F1268CDB5F00B6C4A2 /* StackOverFlowClient */ = {
			isa = PBXGroup;
			children = (
				1B4C0A14268CE04900FC760B /* View */,
				1B4C0A13268CE04600FC760B /* Module  */,
				1B4C0A12268CE03D00FC760B /* Controllers */,
				1B0074F2268CDB5F00B6C4A2 /* AppDelegate.swift */,
				1B0074F4268CDB5F00B6C4A2 /* SceneDelegate.swift */,
				1B0074FB268CDB6200B6C4A2 /* Assets.xcassets */,
				1B0074FD268CDB6200B6C4A2 /* LaunchScreen.storyboard */,
				1B007500268CDB6200B6C4A2 /* Info.plist */,
			);
			path = StackOverFlowClient;
			sourceTree = "<group>";
		};
		1B4C0A12268CE03D00FC760B /* Controllers */ = {
			isa = PBXGroup;
			children = (
				1BE06BAF2694F2EF000BCBA2 /* PrimaryTableViewCell.swift */,
				1B4C0A0E268CDF6B00FC760B /* PrimaryTableViewController.swift */,
				1BE06BB3269664CB000BCBA2 /* StringExtention.swift */,
			);
			path = Controllers;
			sourceTree = "<group>";
		};
		1B4C0A13268CE04600FC760B /* Module  */ = {
			isa = PBXGroup;
			children = (
				1B4C0A1E268E520000FC760B /* GetRequestClass.swift */,
				1B4C0A15268D1BCC00FC760B /* Domain */,
			);
			path = "Module ";
			sourceTree = "<group>";
		};
		1B4C0A14268CE04900FC760B /* View */ = {
			isa = PBXGroup;
			children = (
				1B0074F8268CDB5F00B6C4A2 /* Main.storyboard */,
			);
			path = View;
			sourceTree = "<group>";
		};
		1B4C0A15268D1BCC00FC760B /* Domain */ = {
			isa = PBXGroup;
			children = (
				1B4C0A1A268D1BED00FC760B /* QuestionResponseDTO.swift */,
				1B4C0A18268D1BE600FC760B /* QuestionDTO.swift */,
				1B4C0A16268D1BDA00FC760B /* OwnerDTO.swift */,
			);
			path = Domain;
			sourceTree = "<group>";
		};
		B85A212013B3C7A6AAF7A97A /* Frameworks */ = {
			isa = PBXGroup;
			children = (
				CD819F14E4935DA2A27E032B /* Pods_StackOverFlowClient.framework */,
			);
			name = Frameworks;
			sourceTree = "<group>";
		};
		B8699508080214C92BD6CF23 /* Pods */ = {
			isa = PBXGroup;
			children = (
				02DF282C54EFCA270715E2B5 /* Pods-StackOverFlowClient.debug.xcconfig */,
				ABDB028A3D71437F36CE255D /* Pods-StackOverFlowClient.release.xcconfig */,
			);
			path = Pods;
			sourceTree = "<group>";
		};
/* End PBXGroup section */

/* Begin PBXNativeTarget section */
		1B0074EE268CDB5F00B6C4A2 /* StackOverFlowClient */ = {
			isa = PBXNativeTarget;
			buildConfigurationList = 1B007503268CDB6200B6C4A2 /* Build configuration list for PBXNativeTarget "StackOverFlowClient" */;
			buildPhases = (
				83F25ADF3CA458FD7FA637A6 /* [CP] Check Pods Manifest.lock */,
				1B0074EB268CDB5F00B6C4A2 /* Sources */,
				1B0074EC268CDB5F00B6C4A2 /* Frameworks */,
				1B0074ED268CDB5F00B6C4A2 /* Resources */,
				21AC76F7544339CEADD9B15A /* [CP] Embed Pods Frameworks */,
			);
			buildRules = (
			);
			dependencies = (
			);
			name = StackOverFlowClient;
			productName = StackOverFlowClient;
			productReference = 1B0074EF268CDB5F00B6C4A2 /* StackOverFlowClient.app */;
			productType = "com.apple.product-type.application";
		};
/* End PBXNativeTarget section */

/* Begin PBXProject section */
		1B0074E7268CDB5F00B6C4A2 /* Project object */ = {
			isa = PBXProject;
			attributes = {
				LastSwiftUpdateCheck = 1250;
				LastUpgradeCheck = 1250;
				TargetAttributes = {
					1B0074EE268CDB5F00B6C4A2 = {
						CreatedOnToolsVersion = 12.5.1;
					};
				};
			};
			buildConfigurationList = 1B0074EA268CDB5F00B6C4A2 /* Build configuration list for PBXProject "StackOverFlowClient" */;
			compatibilityVersion = "Xcode 9.3";
			developmentRegion = en;
			hasScannedForEncodings = 0;
			knownRegions = (
				en,
				Base,
			);
			mainGroup = 1B0074E6268CDB5F00B6C4A2;
			productRefGroup = 1B0074F0268CDB5F00B6C4A2 /* Products */;
			projectDirPath = "";
			projectRoot = "";
			targets = (
				1B0074EE268CDB5F00B6C4A2 /* StackOverFlowClient */,
			);
		};
/* End PBXProject section */

/* Begin PBXResourcesBuildPhase section */
		1B0074ED268CDB5F00B6C4A2 /* Resources */ = {
			isa = PBXResourcesBuildPhase;
			buildActionMask = 2147483647;
			files = (
				1B0074FF268CDB6200B6C4A2 /* LaunchScreen.storyboard in Resources */,
				1B4C0A1D268D1C0900FC760B /* Xcode .gitignore in Resources */,
				1B0074FC268CDB6200B6C4A2 /* Assets.xcassets in Resources */,
				1B0074FA268CDB5F00B6C4A2 /* Main.storyboard in Resources */,
			);
			runOnlyForDeploymentPostprocessing = 0;
		};
/* End PBXResourcesBuildPhase section */

/* Begin PBXShellScriptBuildPhase section */
		21AC76F7544339CEADD9B15A /* [CP] Embed Pods Frameworks */ = {
			isa = PBXShellScriptBuildPhase;
			buildActionMask = 2147483647;
			files = (
			);
			inputFileListPaths = (
				"${PODS_ROOT}/Target Support Files/Pods-StackOverFlowClient/Pods-StackOverFlowClient-frameworks-${CONFIGURATION}-input-files.xcfilelist",
			);
			name = "[CP] Embed Pods Frameworks";
			outputFileListPaths = (
				"${PODS_ROOT}/Target Support Files/Pods-StackOverFlowClient/Pods-StackOverFlowClient-frameworks-${CONFIGURATION}-output-files.xcfilelist",
			);
			runOnlyForDeploymentPostprocessing = 0;
			shellPath = /bin/sh;
			shellScript = "\"${PODS_ROOT}/Target Support Files/Pods-StackOverFlowClient/Pods-StackOverFlowClient-frameworks.sh\"\n";
			showEnvVarsInLog = 0;
		};
		83F25ADF3CA458FD7FA637A6 /* [CP] Check Pods Manifest.lock */ = {
			isa = PBXShellScriptBuildPhase;
			buildActionMask = 2147483647;
			files = (
			);
			inputFileListPaths = (
			);
			inputPaths = (
				"${PODS_PODFILE_DIR_PATH}/Podfile.lock",
				"${PODS_ROOT}/Manifest.lock",
			);
			name = "[CP] Check Pods Manifest.lock";
			outputFileListPaths = (
			);
			outputPaths = (
				"$(DERIVED_FILE_DIR)/Pods-StackOverFlowClient-checkManifestLockResult.txt",
			);
			runOnlyForDeploymentPostprocessing = 0;
			shellPath = /bin/sh;
			shellScript = "diff \"${PODS_PODFILE_DIR_PATH}/Podfile.lock\" \"${PODS_ROOT}/Manifest.lock\" > /dev/null\nif [ $? != 0 ] ; then\n    # print error to STDERR\n    echo \"error: The sandbox is not in sync with the Podfile.lock. Run 'pod install' or update your CocoaPods installation.\" >&2\n    exit 1\nfi\n# This output is used by Xcode 'outputs' to avoid re-running this script phase.\necho \"SUCCESS\" > \"${SCRIPT_OUTPUT_FILE_0}\"\n";
			showEnvVarsInLog = 0;
		};
/* End PBXShellScriptBuildPhase section */

/* Begin PBXSourcesBuildPhase section */
		1B0074EB268CDB5F00B6C4A2 /* Sources */ = {
			isa = PBXSourcesBuildPhase;
			buildActionMask = 2147483647;
			files = (
				1B4C0A17268D1BDA00FC760B /* OwnerDTO.swift in Sources */,
				1BE06BB02694F2EF000BCBA2 /* PrimaryTableViewCell.swift in Sources */,
				1B4C0A19268D1BE600FC760B /* QuestionDTO.swift in Sources */,
				1B0074F3268CDB5F00B6C4A2 /* AppDelegate.swift in Sources */,
				1B0074F5268CDB5F00B6C4A2 /* SceneDelegate.swift in Sources */,
				1B4C0A1B268D1BED00FC760B /* QuestionResponseDTO.swift in Sources */,
				1BE06BB4269664CB000BCBA2 /* StringExtention.swift in Sources */,
				1B4C0A0F268CDF6B00FC760B /* PrimaryTableViewController.swift in Sources */,
				1B4C0A1F268E520000FC760B /* GetRequestClass.swift in Sources */,
			);
			runOnlyForDeploymentPostprocessing = 0;
		};
/* End PBXSourcesBuildPhase section */

/* Begin PBXVariantGroup section */
		1B0074F8268CDB5F00B6C4A2 /* Main.storyboard */ = {
			isa = PBXVariantGroup;
			children = (
				1B0074F9268CDB5F00B6C4A2 /* Base */,
			);
			name = Main.storyboard;
			sourceTree = "<group>";
		};
		1B0074FD268CDB6200B6C4A2 /* LaunchScreen.storyboard */ = {
			isa = PBXVariantGroup;
			children = (
				1B0074FE268CDB6200B6C4A2 /* Base */,
			);
			name = LaunchScreen.storyboard;
			sourceTree = "<group>";
		};
/* End PBXVariantGroup section */

/* Begin XCBuildConfiguration section */
		1B007501268CDB6200B6C4A2 /* Debug */ = {
			isa = XCBuildConfiguration;
			buildSettings = {
				ALWAYS_SEARCH_USER_PATHS = NO;
				CLANG_ANALYZER_NONNULL = YES;
				CLANG_ANALYZER_NUMBER_OBJECT_CONVERSION = YES_AGGRESSIVE;
				CLANG_CXX_LANGUAGE_STANDARD = "gnu++14";
				CLANG_CXX_LIBRARY = "libc++";
				CLANG_ENABLE_MODULES = YES;
				CLANG_ENABLE_OBJC_ARC = YES;
				CLANG_ENABLE_OBJC_WEAK = YES;
				CLANG_WARN_BLOCK_CAPTURE_AUTORELEASING = YES;
				CLANG_WARN_BOOL_CONVERSION = YES;
				CLANG_WARN_COMMA = YES;
				CLANG_WARN_CONSTANT_CONVERSION = YES;
				CLANG_WARN_DEPRECATED_OBJC_IMPLEMENTATIONS = YES;
				CLANG_WARN_DIRECT_OBJC_ISA_USAGE = YES_ERROR;
				CLANG_WARN_DOCUMENTATION_COMMENTS = YES;
				CLANG_WARN_EMPTY_BODY = YES;
				CLANG_WARN_ENUM_CONVERSION = YES;
				CLANG_WARN_INFINITE_RECURSION = YES;
				CLANG_WARN_INT_CONVERSION = YES;
				CLANG_WARN_NON_LITERAL_NULL_CONVERSION = YES;
				CLANG_WARN_OBJC_IMPLICIT_RETAIN_SELF = YES;
				CLANG_WARN_OBJC_LITERAL_CONVERSION = YES;
				CLANG_WARN_OBJC_ROOT_CLASS = YES_ERROR;
				CLANG_WARN_QUOTED_INCLUDE_IN_FRAMEWORK_HEADER = YES;
				CLANG_WARN_RANGE_LOOP_ANALYSIS = YES;
				CLANG_WARN_STRICT_PROTOTYPES = YES;
				CLANG_WARN_SUSPICIOUS_MOVE = YES;
				CLANG_WARN_UNGUARDED_AVAILABILITY = YES_AGGRESSIVE;
				CLANG_WARN_UNREACHABLE_CODE = YES;
				CLANG_WARN__DUPLICATE_METHOD_MATCH = YES;
				COPY_PHASE_STRIP = NO;
				DEBUG_INFORMATION_FORMAT = dwarf;
				ENABLE_STRICT_OBJC_MSGSEND = YES;
				ENABLE_TESTABILITY = YES;
				GCC_C_LANGUAGE_STANDARD = gnu11;
				GCC_DYNAMIC_NO_PIC = NO;
				GCC_NO_COMMON_BLOCKS = YES;
				GCC_OPTIMIZATION_LEVEL = 0;
				GCC_PREPROCESSOR_DEFINITIONS = (
					"DEBUG=1",
					"$(inherited)",
				);
				GCC_WARN_64_TO_32_BIT_CONVERSION = YES;
				GCC_WARN_ABOUT_RETURN_TYPE = YES_ERROR;
				GCC_WARN_UNDECLARED_SELECTOR = YES;
				GCC_WARN_UNINITIALIZED_AUTOS = YES_AGGRESSIVE;
				GCC_WARN_UNUSED_FUNCTION = YES;
				GCC_WARN_UNUSED_VARIABLE = YES;
				IPHONEOS_DEPLOYMENT_TARGET = 9.0;
				MTL_ENABLE_DEBUG_INFO = INCLUDE_SOURCE;
				MTL_FAST_MATH = YES;
				ONLY_ACTIVE_ARCH = YES;
				SDKROOT = iphoneos;
				SWIFT_ACTIVE_COMPILATION_CONDITIONS = DEBUG;
				SWIFT_OPTIMIZATION_LEVEL = "-Onone";
			};
			name = Debug;
		};
		1B007502268CDB6200B6C4A2 /* Release */ = {
			isa = XCBuildConfiguration;
			buildSettings = {
				ALWAYS_SEARCH_USER_PATHS = NO;
				CLANG_ANALYZER_NONNULL = YES;
				CLANG_ANALYZER_NUMBER_OBJECT_CONVERSION = YES_AGGRESSIVE;
				CLANG_CXX_LANGUAGE_STANDARD = "gnu++14";
				CLANG_CXX_LIBRARY = "libc++";
				CLANG_ENABLE_MODULES = YES;
				CLANG_ENABLE_OBJC_ARC = YES;
				CLANG_ENABLE_OBJC_WEAK = YES;
				CLANG_WARN_BLOCK_CAPTURE_AUTORELEASING = YES;
				CLANG_WARN_BOOL_CONVERSION = YES;
				CLANG_WARN_COMMA = YES;
				CLANG_WARN_CONSTANT_CONVERSION = YES;
				CLANG_WARN_DEPRECATED_OBJC_IMPLEMENTATIONS = YES;
				CLANG_WARN_DIRECT_OBJC_ISA_USAGE = YES_ERROR;
				CLANG_WARN_DOCUMENTATION_COMMENTS = YES;
				CLANG_WARN_EMPTY_BODY = YES;
				CLANG_WARN_ENUM_CONVERSION = YES;
				CLANG_WARN_INFINITE_RECURSION = YES;
				CLANG_WARN_INT_CONVERSION = YES;
				CLANG_WARN_NON_LITERAL_NULL_CONVERSION = YES;
				CLANG_WARN_OBJC_IMPLICIT_RETAIN_SELF = YES;
				CLANG_WARN_OBJC_LITERAL_CONVERSION = YES;
				CLANG_WARN_OBJC_ROOT_CLASS = YES_ERROR;
				CLANG_WARN_QUOTED_INCLUDE_IN_FRAMEWORK_HEADER = YES;
				CLANG_WARN_RANGE_LOOP_ANALYSIS = YES;
				CLANG_WARN_STRICT_PROTOTYPES = YES;
				CLANG_WARN_SUSPICIOUS_MOVE = YES;
				CLANG_WARN_UNGUARDED_AVAILABILITY = YES_AGGRESSIVE;
				CLANG_WARN_UNREACHABLE_CODE = YES;
				CLANG_WARN__DUPLICATE_METHOD_MATCH = YES;
				COPY_PHASE_STRIP = NO;
				DEBUG_INFORMATION_FORMAT = "dwarf-with-dsym";
				ENABLE_NS_ASSERTIONS = NO;
				ENABLE_STRICT_OBJC_MSGSEND = YES;
				GCC_C_LANGUAGE_STANDARD = gnu11;
				GCC_NO_COMMON_BLOCKS = YES;
				GCC_WARN_64_TO_32_BIT_CONVERSION = YES;
				GCC_WARN_ABOUT_RETURN_TYPE = YES_ERROR;
				GCC_WARN_UNDECLARED_SELECTOR = YES;
				GCC_WARN_UNINITIALIZED_AUTOS = YES_AGGRESSIVE;
				GCC_WARN_UNUSED_FUNCTION = YES;
				GCC_WARN_UNUSED_VARIABLE = YES;
				IPHONEOS_DEPLOYMENT_TARGET = 9.0;
				MTL_ENABLE_DEBUG_INFO = NO;
				MTL_FAST_MATH = YES;
				SDKROOT = iphoneos;
				SWIFT_COMPILATION_MODE = wholemodule;
				SWIFT_OPTIMIZATION_LEVEL = "-O";
				VALIDATE_PRODUCT = YES;
			};
			name = Release;
		};
		1B007504268CDB6200B6C4A2 /* Debug */ = {
			isa = XCBuildConfiguration;
			baseConfigurationReference = 02DF282C54EFCA270715E2B5 /* Pods-StackOverFlowClient.debug.xcconfig */;
			buildSettings = {
				ASSETCATALOG_COMPILER_APPICON_NAME = AppIcon;
				ASSETCATALOG_COMPILER_GLOBAL_ACCENT_COLOR_NAME = AccentColor;
				CODE_SIGN_STYLE = Automatic;
				DEVELOPMENT_TEAM = 638JMZXLWD;
				INFOPLIST_FILE = StackOverFlowClient/Info.plist;
				IPHONEOS_DEPLOYMENT_TARGET = 9.0;
				LD_RUNPATH_SEARCH_PATHS = (
					"$(inherited)",
					"@executable_path/Frameworks",
				);
				PRODUCT_BUNDLE_IDENTIFIER = StackOverFlowClient.StackOverFlowClient;
				PRODUCT_NAME = "$(TARGET_NAME)";
				SWIFT_VERSION = 5.0;
				TARGETED_DEVICE_FAMILY = "1,2";
			};
			name = Debug;
		};
		1B007505268CDB6200B6C4A2 /* Release */ = {
			isa = XCBuildConfiguration;
			baseConfigurationReference = ABDB028A3D71437F36CE255D /* Pods-StackOverFlowClient.release.xcconfig */;
			buildSettings = {
				ASSETCATALOG_COMPILER_APPICON_NAME = AppIcon;
				ASSETCATALOG_COMPILER_GLOBAL_ACCENT_COLOR_NAME = AccentColor;
				CODE_SIGN_STYLE = Automatic;
				DEVELOPMENT_TEAM = 638JMZXLWD;
				INFOPLIST_FILE = StackOverFlowClient/Info.plist;
				IPHONEOS_DEPLOYMENT_TARGET = 9.0;
				LD_RUNPATH_SEARCH_PATHS = (
					"$(inherited)",
					"@executable_path/Frameworks",
				);
				PRODUCT_BUNDLE_IDENTIFIER = StackOverFlowClient.StackOverFlowClient;
				PRODUCT_NAME = "$(TARGET_NAME)";
				SWIFT_VERSION = 5.0;
				TARGETED_DEVICE_FAMILY = "1,2";
			};
			name = Release;
		};
/* End XCBuildConfiguration section */

/* Begin XCConfigurationList section */
		1B0074EA268CDB5F00B6C4A2 /* Build configuration list for PBXProject "StackOverFlowClient" */ = {
			isa = XCConfigurationList;
			buildConfigurations = (
				1B007501268CDB6200B6C4A2 /* Debug */,
				1B007502268CDB6200B6C4A2 /* Release */,
			);
			defaultConfigurationIsVisible = 0;
			defaultConfigurationName = Release;
		};
		1B007503268CDB6200B6C4A2 /* Build configuration list for PBXNativeTarget "StackOverFlowClient" */ = {
			isa = XCConfigurationList;
			buildConfigurations = (
				1B007504268CDB6200B6C4A2 /* Debug */,
				1B007505268CDB6200B6C4A2 /* Release */,
			);
			defaultConfigurationIsVisible = 0;
			defaultConfigurationName = Release;
		};
/* End XCConfigurationList section */
	};
	rootObject = 1B0074E7268CDB5F00B6C4A2 /* Project object */;
}
